
Microsoft Visual Studio Solution File, Format Version 12.00
# Visual Studio Version 17
VisualStudioVersion = 17.14.36408.4
MinimumVisualStudioVersion = 10.0.40219.1
Project("{FAE04EC0-301F-11D3-BF4B-00C04F79EFBC}") = "TradingPlatform.Api", "TradingPlatform.Api\TradingPlatform.Api.csproj", "{5D1A12EC-C1F8-453C-965C-E6E2BC821AA4}"
EndProject
Project("{FAE04EC0-301F-11D3-BF4B-00C04F79EFBC}") = "TradingPlatform.Application", "TradingPlatform.Application\TradingPlatform.Application.csproj", "{36965EB1-A86A-4670-B55B-853BA010319C}"
EndProject
Project("{FAE04EC0-301F-11D3-BF4B-00C04F79EFBC}") = "TradingPlatform.Domain", "TradingPlatform.Domain\TradingPlatform.Domain.csproj", "{921669DE-2494-4F6F-B63A-F07EA803F85E}"
EndProject
Project("{FAE04EC0-301F-11D3-BF4B-00C04F79EFBC}") = "TradingPlatform.Infrastructure", "TradingPlatform.Infrastructure\TradingPlatform.Infrastructure.csproj", "{AC510946-C400-4171-BBFF-B3D992A8D307}"
EndProject
Project("{FAE04EC0-301F-11D3-BF4B-00C04F79EFBC}") = "TradingPlatform.Tests", "TradingPlatform.Tests\TradingPlatform.Tests.csproj", "{33279BA7-9DE9-40E4-970F-B4969EF12BF4}"
EndProject
Project("{2150E333-8FDC-42A3-9474-1A3956D46DE8}") = "Docs", "Docs", "{02EA681E-C7D8-13C7-8484-4AC65E1B71E8}"
	ProjectSection(SolutionItems) = preProject
		Docs\00_README_PROJECT.md = Docs\00_README_PROJECT.md
		Docs\DatabaseGuidelines.md = Docs\DatabaseGuidelines.md
		Docs\GPT_New_Project_Setup_v1.docx = Docs\GPT_New_Project_Setup_v1.docx
		Docs\GPT_Project_Guide_v1.docx = Docs\GPT_Project_Guide_v1.docx
		Docs\SecurityPolicy.md = Docs\SecurityPolicy.md
		Docs\TradingPlatformNET8v2_ProjectCharter_v1.docx = Docs\TradingPlatformNET8v2_ProjectCharter_v1.docx
		Docs\TradingPlatformNET8v2_RepoSkeleton_Checklists_v1.docx = Docs\TradingPlatformNET8v2_RepoSkeleton_Checklists_v1.docx
		Docs\TradingPlatformNET8v2_Workflow_PromptPlaybook_v1.docx = Docs\TradingPlatformNET8v2_Workflow_PromptPlaybook_v1.docx
		Docs\TradingPlatformNET8_HLD_v0.2.docx = Docs\TradingPlatformNET8_HLD_v0.2.docx
		Docs\TradingPlatformNET8_HLD_v0.2.md = Docs\TradingPlatformNET8_HLD_v0.2.md
		Docs\TradingPlatformNET8_TAD_v0.2.docx = Docs\TradingPlatformNET8_TAD_v0.2.docx
		Docs\TradingPlatformNET8_TAD_v0.2.md = Docs\TradingPlatformNET8_TAD_v0.2.md
	EndProjectSection
EndProject
Project("{2150E333-8FDC-42A3-9474-1A3956D46DE8}") = "prompts", "prompts", "{DE36856F-F1B3-4441-A30C-DC046DFE2C1D}"
	ProjectSection(SolutionItems) = preProject
		prompts\PromptsIndex.md = prompts\PromptsIndex.md
		prompts\system_prompt.md = prompts\system_prompt.md
		prompts\task_template.md = prompts\task_template.md
		prompts\TradingPlatformNET8_PromptsIndex_v0.2.pdf = prompts\TradingPlatformNET8_PromptsIndex_v0.2.pdf
	EndProjectSection
EndProject
Project("{2150E333-8FDC-42A3-9474-1A3956D46DE8}") = "Solution Items", "Solution Items", "{8EC462FD-D22E-90A8-E5CE-7E832BA40C5D}"
	ProjectSection(SolutionItems) = preProject
		Directory.Build.props = Directory.Build.props
		README.md = README.md
	EndProjectSection
EndProject
Project("{FAE04EC0-301F-11D3-BF4B-00C04F79EFBC}") = "db", "db\db.csproj", "{C1193877-05CA-EE41-D8E4-EF46CB59A360}"
EndProject
Global
	GlobalSection(SolutionConfigurationPlatforms) = preSolution
		Debug|Any CPU = Debug|Any CPU
		Release|Any CPU = Release|Any CPU
	EndGlobalSection
	GlobalSection(ProjectConfigurationPlatforms) = postSolution
		{5D1A12EC-C1F8-453C-965C-E6E2BC821AA4}.Debug|Any CPU.ActiveCfg = Debug|Any CPU
		{5D1A12EC-C1F8-453C-965C-E6E2BC821AA4}.Debug|Any CPU.Build.0 = Debug|Any CPU
		{5D1A12EC-C1F8-453C-965C-E6E2BC821AA4}.Release|Any CPU.ActiveCfg = Release|Any CPU
		{5D1A12EC-C1F8-453C-965C-E6E2BC821AA4}.Release|Any CPU.Build.0 = Release|Any CPU
		{36965EB1-A86A-4670-B55B-853BA010319C}.Debug|Any CPU.ActiveCfg = Debug|Any CPU
		{36965EB1-A86A-4670-B55B-853BA010319C}.Debug|Any CPU.Build.0 = Debug|Any CPU
		{36965EB1-A86A-4670-B55B-853BA010319C}.Release|Any CPU.ActiveCfg = Release|Any CPU
		{36965EB1-A86A-4670-B55B-853BA010319C}.Release|Any CPU.Build.0 = Release|Any CPU
		{921669DE-2494-4F6F-B63A-F07EA803F85E}.Debug|Any CPU.ActiveCfg = Debug|Any CPU
		{921669DE-2494-4F6F-B63A-F07EA803F85E}.Debug|Any CPU.Build.0 = Debug|Any CPU
		{921669DE-2494-4F6F-B63A-F07EA803F85E}.Release|Any CPU.ActiveCfg = Release|Any CPU
		{921669DE-2494-4F6F-B63A-F07EA803F85E}.Release|Any CPU.Build.0 = Release|Any CPU
		{AC510946-C400-4171-BBFF-B3D992A8D307}.Debug|Any CPU.ActiveCfg = Debug|Any CPU
		{AC510946-C400-4171-BBFF-B3D992A8D307}.Debug|Any CPU.Build.0 = Debug|Any CPU
		{AC510946-C400-4171-BBFF-B3D992A8D307}.Release|Any CPU.ActiveCfg = Release|Any CPU
		{AC510946-C400-4171-BBFF-B3D992A8D307}.Release|Any CPU.Build.0 = Release|Any CPU
		{33279BA7-9DE9-40E4-970F-B4969EF12BF4}.Debug|Any CPU.ActiveCfg = Debug|Any CPU
		{33279BA7-9DE9-40E4-970F-B4969EF12BF4}.Debug|Any CPU.Build.0 = Debug|Any CPU
		{33279BA7-9DE9-40E4-970F-B4969EF12BF4}.Release|Any CPU.ActiveCfg = Release|Any CPU
		{33279BA7-9DE9-40E4-970F-B4969EF12BF4}.Release|Any CPU.Build.0 = Release|Any CPU
		{C1193877-05CA-EE41-D8E4-EF46CB59A360}.Debug|Any CPU.ActiveCfg = Debug|Any CPU
		{C1193877-05CA-EE41-D8E4-EF46CB59A360}.Debug|Any CPU.Build.0 = Debug|Any CPU
		{C1193877-05CA-EE41-D8E4-EF46CB59A360}.Release|Any CPU.ActiveCfg = Release|Any CPU
		{C1193877-05CA-EE41-D8E4-EF46CB59A360}.Release|Any CPU.Build.0 = Release|Any CPU
	EndGlobalSection
	GlobalSection(SolutionProperties) = preSolution
		HideSolutionNode = FALSE
	EndGlobalSection
	GlobalSection(ExtensibilityGlobals) = postSolution
		SolutionGuid = {64906326-3876-4B09-904D-5B41A2BCCE00}
	EndGlobalSection
EndGlobal
